
Microsoft Visual Studio Solution File, Format Version 12.00
# Visual Studio Version 17
VisualStudioVersion = 17.7.34031.279
MinimumVisualStudioVersion = 10.0.40219.1
Project("{FAE04EC0-301F-11D3-BF4B-00C04F79EFBC}") = "WCFNegocio", "WCFPresentacion\WCFNegocio.csproj", "{7ED2BAF7-AECA-4A3E-89B7-3EBA21EA2101}"
EndProject
Project("{FAE04EC0-301F-11D3-BF4B-00C04F79EFBC}") = "CapaDatos", "CapaDatos\CapaDatos.csproj", "{E556C23E-106B-44A7-91B7-F363315709E1}"
EndProject
Project("{9A19103F-16F7-4668-BE54-9A1E7A4F7556}") = "APIRest", "APIRest\APIRest.csproj", "{7379C900-167A-4FAA-BFEE-914502CA0EC3}"
EndProject
Project("{FAE04EC0-301F-11D3-BF4B-00C04F79EFBC}") = "PresentacionWeb", "PresentacionWeb\PresentacionWeb.csproj", "{44CBCF03-6D9C-4C0F-A977-43FCBCC4D531}"
	ProjectSection(ProjectDependencies) = postProject
		{7ED2BAF7-AECA-4A3E-89B7-3EBA21EA2101} = {7ED2BAF7-AECA-4A3E-89B7-3EBA21EA2101}
	EndProjectSection
EndProject
Project("{FAE04EC0-301F-11D3-BF4B-00C04F79EFBC}") = "EntidadesNegocio", "EntidadesNegocio\EntidadesNegocio.csproj", "{1A2852D6-28FF-4879-A321-1DE2A4E8FE4E}"
EndProject
Project("{FAE04EC0-301F-11D3-BF4B-00C04F79EFBC}") = "ApiRest_Test", "ApiRest_Test\ApiRest_Test.csproj", "{E83ECF10-37BB-4DD6-BB99-A80CF83A9870}"
EndProject
Global
	GlobalSection(SolutionConfigurationPlatforms) = preSolution
		Debug|Any CPU = Debug|Any CPU
		Debug|ARM = Debug|ARM
		Debug|ARM64 = Debug|ARM64
		Debug|x64 = Debug|x64
		Debug|x86 = Debug|x86
		Release|Any CPU = Release|Any CPU
		Release|ARM = Release|ARM
		Release|ARM64 = Release|ARM64
		Release|x64 = Release|x64
		Release|x86 = Release|x86
	EndGlobalSection
	GlobalSection(ProjectConfigurationPlatforms) = postSolution
		{7ED2BAF7-AECA-4A3E-89B7-3EBA21EA2101}.Debug|Any CPU.ActiveCfg = Debug|Any CPU
		{7ED2BAF7-AECA-4A3E-89B7-3EBA21EA2101}.Debug|Any CPU.Build.0 = Debug|Any CPU
		{7ED2BAF7-AECA-4A3E-89B7-3EBA21EA2101}.Debug|ARM.ActiveCfg = Debug|Any CPU
		{7ED2BAF7-AECA-4A3E-89B7-3EBA21EA2101}.Debug|ARM.Build.0 = Debug|Any CPU
		{7ED2BAF7-AECA-4A3E-89B7-3EBA21EA2101}.Debug|ARM64.ActiveCfg = Debug|Any CPU
		{7ED2BAF7-AECA-4A3E-89B7-3EBA21EA2101}.Debug|ARM64.Build.0 = Debug|Any CPU
		{7ED2BAF7-AECA-4A3E-89B7-3EBA21EA2101}.Debug|x64.ActiveCfg = Debug|Any CPU
		{7ED2BAF7-AECA-4A3E-89B7-3EBA21EA2101}.Debug|x64.Build.0 = Debug|Any CPU
		{7ED2BAF7-AECA-4A3E-89B7-3EBA21EA2101}.Debug|x86.ActiveCfg = Debug|Any CPU
		{7ED2BAF7-AECA-4A3E-89B7-3EBA21EA2101}.Debug|x86.Build.0 = Debug|Any CPU
		{7ED2BAF7-AECA-4A3E-89B7-3EBA21EA2101}.Release|Any CPU.ActiveCfg = Release|Any CPU
		{7ED2BAF7-AECA-4A3E-89B7-3EBA21EA2101}.Release|Any CPU.Build.0 = Release|Any CPU
		{7ED2BAF7-AECA-4A3E-89B7-3EBA21EA2101}.Release|ARM.ActiveCfg = Release|Any CPU
		{7ED2BAF7-AECA-4A3E-89B7-3EBA21EA2101}.Release|ARM.Build.0 = Release|Any CPU
		{7ED2BAF7-AECA-4A3E-89B7-3EBA21EA2101}.Release|ARM64.ActiveCfg = Release|Any CPU
		{7ED2BAF7-AECA-4A3E-89B7-3EBA21EA2101}.Release|ARM64.Build.0 = Release|Any CPU
		{7ED2BAF7-AECA-4A3E-89B7-3EBA21EA2101}.Release|x64.ActiveCfg = Release|Any CPU
		{7ED2BAF7-AECA-4A3E-89B7-3EBA21EA2101}.Release|x64.Build.0 = Release|Any CPU
		{7ED2BAF7-AECA-4A3E-89B7-3EBA21EA2101}.Release|x86.ActiveCfg = Release|Any CPU
		{7ED2BAF7-AECA-4A3E-89B7-3EBA21EA2101}.Release|x86.Build.0 = Release|Any CPU
		{E556C23E-106B-44A7-91B7-F363315709E1}.Debug|Any CPU.ActiveCfg = Debug|Any CPU
		{E556C23E-106B-44A7-91B7-F363315709E1}.Debug|Any CPU.Build.0 = Debug|Any CPU
		{E556C23E-106B-44A7-91B7-F363315709E1}.Debug|ARM.ActiveCfg = Debug|Any CPU
		{E556C23E-106B-44A7-91B7-F363315709E1}.Debug|ARM.Build.0 = Debug|Any CPU
		{E556C23E-106B-44A7-91B7-F363315709E1}.Debug|ARM64.ActiveCfg = Debug|Any CPU
		{E556C23E-106B-44A7-91B7-F363315709E1}.Debug|ARM64.Build.0 = Debug|Any CPU
		{E556C23E-106B-44A7-91B7-F363315709E1}.Debug|x64.ActiveCfg = Debug|Any CPU
		{E556C23E-106B-44A7-91B7-F363315709E1}.Debug|x64.Build.0 = Debug|Any CPU
		{E556C23E-106B-44A7-91B7-F363315709E1}.Debug|x86.ActiveCfg = Debug|Any CPU
		{E556C23E-106B-44A7-91B7-F363315709E1}.Debug|x86.Build.0 = Debug|Any CPU
		{E556C23E-106B-44A7-91B7-F363315709E1}.Release|Any CPU.ActiveCfg = Release|Any CPU
		{E556C23E-106B-44A7-91B7-F363315709E1}.Release|Any CPU.Build.0 = Release|Any CPU
		{E556C23E-106B-44A7-91B7-F363315709E1}.Release|ARM.ActiveCfg = Release|Any CPU
		{E556C23E-106B-44A7-91B7-F363315709E1}.Release|ARM.Build.0 = Release|Any CPU
		{E556C23E-106B-44A7-91B7-F363315709E1}.Release|ARM64.ActiveCfg = Release|Any CPU
		{E556C23E-106B-44A7-91B7-F363315709E1}.Release|ARM64.Build.0 = Release|Any CPU
		{E556C23E-106B-44A7-91B7-F363315709E1}.Release|x64.ActiveCfg = Release|Any CPU
		{E556C23E-106B-44A7-91B7-F363315709E1}.Release|x64.Build.0 = Release|Any CPU
		{E556C23E-106B-44A7-91B7-F363315709E1}.Release|x86.ActiveCfg = Release|Any CPU
		{E556C23E-106B-44A7-91B7-F363315709E1}.Release|x86.Build.0 = Release|Any CPU
		{7379C900-167A-4FAA-BFEE-914502CA0EC3}.Debug|Any CPU.ActiveCfg = Debug|Any CPU
		{7379C900-167A-4FAA-BFEE-914502CA0EC3}.Debug|Any CPU.Build.0 = Debug|Any CPU
		{7379C900-167A-4FAA-BFEE-914502CA0EC3}.Debug|ARM.ActiveCfg = Debug|Any CPU
		{7379C900-167A-4FAA-BFEE-914502CA0EC3}.Debug|ARM.Build.0 = Debug|Any CPU
		{7379C900-167A-4FAA-BFEE-914502CA0EC3}.Debug|ARM64.ActiveCfg = Debug|Any CPU
		{7379C900-167A-4FAA-BFEE-914502CA0EC3}.Debug|ARM64.Build.0 = Debug|Any CPU
		{7379C900-167A-4FAA-BFEE-914502CA0EC3}.Debug|x64.ActiveCfg = Debug|Any CPU
		{7379C900-167A-4FAA-BFEE-914502CA0EC3}.Debug|x64.Build.0 = Debug|Any CPU
		{7379C900-167A-4FAA-BFEE-914502CA0EC3}.Debug|x86.ActiveCfg = Debug|Any CPU
		{7379C900-167A-4FAA-BFEE-914502CA0EC3}.Debug|x86.Build.0 = Debug|Any CPU
		{7379C900-167A-4FAA-BFEE-914502CA0EC3}.Release|Any CPU.ActiveCfg = Release|Any CPU
		{7379C900-167A-4FAA-BFEE-914502CA0EC3}.Release|Any CPU.Build.0 = Release|Any CPU
		{7379C900-167A-4FAA-BFEE-914502CA0EC3}.Release|ARM.ActiveCfg = Release|Any CPU
		{7379C900-167A-4FAA-BFEE-914502CA0EC3}.Release|ARM.Build.0 = Release|Any CPU
		{7379C900-167A-4FAA-BFEE-914502CA0EC3}.Release|ARM64.ActiveCfg = Release|Any CPU
		{7379C900-167A-4FAA-BFEE-914502CA0EC3}.Release|ARM64.Build.0 = Release|Any CPU
		{7379C900-167A-4FAA-BFEE-914502CA0EC3}.Release|x64.ActiveCfg = Release|Any CPU
		{7379C900-167A-4FAA-BFEE-914502CA0EC3}.Release|x64.Build.0 = Release|Any CPU
		{7379C900-167A-4FAA-BFEE-914502CA0EC3}.Release|x86.ActiveCfg = Release|Any CPU
		{7379C900-167A-4FAA-BFEE-914502CA0EC3}.Release|x86.Build.0 = Release|Any CPU
		{44CBCF03-6D9C-4C0F-A977-43FCBCC4D531}.Debug|Any CPU.ActiveCfg = Debug|Any CPU
		{44CBCF03-6D9C-4C0F-A977-43FCBCC4D531}.Debug|Any CPU.Build.0 = Debug|Any CPU
		{44CBCF03-6D9C-4C0F-A977-43FCBCC4D531}.Debug|ARM.ActiveCfg = Debug|Any CPU
		{44CBCF03-6D9C-4C0F-A977-43FCBCC4D531}.Debug|ARM.Build.0 = Debug|Any CPU
		{44CBCF03-6D9C-4C0F-A977-43FCBCC4D531}.Debug|ARM64.ActiveCfg = Debug|Any CPU
		{44CBCF03-6D9C-4C0F-A977-43FCBCC4D531}.Debug|ARM64.Build.0 = Debug|Any CPU
		{44CBCF03-6D9C-4C0F-A977-43FCBCC4D531}.Debug|x64.ActiveCfg = Debug|Any CPU
		{44CBCF03-6D9C-4C0F-A977-43FCBCC4D531}.Debug|x64.Build.0 = Debug|Any CPU
		{44CBCF03-6D9C-4C0F-A977-43FCBCC4D531}.Debug|x86.ActiveCfg = Debug|Any CPU
		{44CBCF03-6D9C-4C0F-A977-43FCBCC4D531}.Debug|x86.Build.0 = Debug|Any CPU
		{44CBCF03-6D9C-4C0F-A977-43FCBCC4D531}.Release|Any CPU.ActiveCfg = Release|Any CPU
		{44CBCF03-6D9C-4C0F-A977-43FCBCC4D531}.Release|Any CPU.Build.0 = Release|Any CPU
		{44CBCF03-6D9C-4C0F-A977-43FCBCC4D531}.Release|ARM.ActiveCfg = Release|Any CPU
		{44CBCF03-6D9C-4C0F-A977-43FCBCC4D531}.Release|ARM.Build.0 = Release|Any CPU
		{44CBCF03-6D9C-4C0F-A977-43FCBCC4D531}.Release|ARM64.ActiveCfg = Release|Any CPU
		{44CBCF03-6D9C-4C0F-A977-43FCBCC4D531}.Release|ARM64.Build.0 = Release|Any CPU
		{44CBCF03-6D9C-4C0F-A977-43FCBCC4D531}.Release|x64.ActiveCfg = Release|Any CPU
		{44CBCF03-6D9C-4C0F-A977-43FCBCC4D531}.Release|x64.Build.0 = Release|Any CPU
		{44CBCF03-6D9C-4C0F-A977-43FCBCC4D531}.Release|x86.ActiveCfg = Release|Any CPU
		{44CBCF03-6D9C-4C0F-A977-43FCBCC4D531}.Release|x86.Build.0 = Release|Any CPU
		{1A2852D6-28FF-4879-A321-1DE2A4E8FE4E}.Debug|Any CPU.ActiveCfg = Debug|Any CPU
		{1A2852D6-28FF-4879-A321-1DE2A4E8FE4E}.Debug|Any CPU.Build.0 = Debug|Any CPU
		{1A2852D6-28FF-4879-A321-1DE2A4E8FE4E}.Debug|ARM.ActiveCfg = Debug|Any CPU
		{1A2852D6-28FF-4879-A321-1DE2A4E8FE4E}.Debug|ARM.Build.0 = Debug|Any CPU
		{1A2852D6-28FF-4879-A321-1DE2A4E8FE4E}.Debug|ARM64.ActiveCfg = Debug|Any CPU
		{1A2852D6-28FF-4879-A321-1DE2A4E8FE4E}.Debug|ARM64.Build.0 = Debug|Any CPU
		{1A2852D6-28FF-4879-A321-1DE2A4E8FE4E}.Debug|x64.ActiveCfg = Debug|Any CPU
		{1A2852D6-28FF-4879-A321-1DE2A4E8FE4E}.Debug|x64.Build.0 = Debug|Any CPU
		{1A2852D6-28FF-4879-A321-1DE2A4E8FE4E}.Debug|x86.ActiveCfg = Debug|Any CPU
		{1A2852D6-28FF-4879-A321-1DE2A4E8FE4E}.Debug|x86.Build.0 = Debug|Any CPU
		{1A2852D6-28FF-4879-A321-1DE2A4E8FE4E}.Release|Any CPU.ActiveCfg = Release|Any CPU
		{1A2852D6-28FF-4879-A321-1DE2A4E8FE4E}.Release|Any CPU.Build.0 = Release|Any CPU
		{1A2852D6-28FF-4879-A321-1DE2A4E8FE4E}.Release|ARM.ActiveCfg = Release|Any CPU
		{1A2852D6-28FF-4879-A321-1DE2A4E8FE4E}.Release|ARM.Build.0 = Release|Any CPU
		{1A2852D6-28FF-4879-A321-1DE2A4E8FE4E}.Release|ARM64.ActiveCfg = Release|Any CPU
		{1A2852D6-28FF-4879-A321-1DE2A4E8FE4E}.Release|ARM64.Build.0 = Release|Any CPU
		{1A2852D6-28FF-4879-A321-1DE2A4E8FE4E}.Release|x64.ActiveCfg = Release|Any CPU
		{1A2852D6-28FF-4879-A321-1DE2A4E8FE4E}.Release|x64.Build.0 = Release|Any CPU
		{1A2852D6-28FF-4879-A321-1DE2A4E8FE4E}.Release|x86.ActiveCfg = Release|Any CPU
		{1A2852D6-28FF-4879-A321-1DE2A4E8FE4E}.Release|x86.Build.0 = Release|Any CPU
		{E83ECF10-37BB-4DD6-BB99-A80CF83A9870}.Debug|Any CPU.ActiveCfg = Debug|Any CPU
		{E83ECF10-37BB-4DD6-BB99-A80CF83A9870}.Debug|Any CPU.Build.0 = Debug|Any CPU
		{E83ECF10-37BB-4DD6-BB99-A80CF83A9870}.Debug|ARM.ActiveCfg = Debug|Any CPU
		{E83ECF10-37BB-4DD6-BB99-A80CF83A9870}.Debug|ARM.Build.0 = Debug|Any CPU
		{E83ECF10-37BB-4DD6-BB99-A80CF83A9870}.Debug|ARM64.ActiveCfg = Debug|Any CPU
		{E83ECF10-37BB-4DD6-BB99-A80CF83A9870}.Debug|ARM64.Build.0 = Debug|Any CPU
		{E83ECF10-37BB-4DD6-BB99-A80CF83A9870}.Debug|x64.ActiveCfg = Debug|Any CPU
		{E83ECF10-37BB-4DD6-BB99-A80CF83A9870}.Debug|x64.Build.0 = Debug|Any CPU
		{E83ECF10-37BB-4DD6-BB99-A80CF83A9870}.Debug|x86.ActiveCfg = Debug|Any CPU
		{E83ECF10-37BB-4DD6-BB99-A80CF83A9870}.Debug|x86.Build.0 = Debug|Any CPU
		{E83ECF10-37BB-4DD6-BB99-A80CF83A9870}.Release|Any CPU.ActiveCfg = Release|Any CPU
		{E83ECF10-37BB-4DD6-BB99-A80CF83A9870}.Release|Any CPU.Build.0 = Release|Any CPU
		{E83ECF10-37BB-4DD6-BB99-A80CF83A9870}.Release|ARM.ActiveCfg = Release|Any CPU
		{E83ECF10-37BB-4DD6-BB99-A80CF83A9870}.Release|ARM.Build.0 = Release|Any CPU
		{E83ECF10-37BB-4DD6-BB99-A80CF83A9870}.Release|ARM64.ActiveCfg = Release|Any CPU
		{E83ECF10-37BB-4DD6-BB99-A80CF83A9870}.Release|ARM64.Build.0 = Release|Any CPU
		{E83ECF10-37BB-4DD6-BB99-A80CF83A9870}.Release|x64.ActiveCfg = Release|Any CPU
		{E83ECF10-37BB-4DD6-BB99-A80CF83A9870}.Release|x64.Build.0 = Release|Any CPU
		{E83ECF10-37BB-4DD6-BB99-A80CF83A9870}.Release|x86.ActiveCfg = Release|Any CPU
		{E83ECF10-37BB-4DD6-BB99-A80CF83A9870}.Release|x86.Build.0 = Release|Any CPU
	EndGlobalSection
	GlobalSection(SolutionProperties) = preSolution
		HideSolutionNode = FALSE
	EndGlobalSection
	GlobalSection(ExtensibilityGlobals) = postSolution
		SolutionGuid = {9B95EF31-3A5E-4534-B948-F3D49D95C0A1}
	EndGlobalSection
EndGlobal
